# This file is autogenerated, do not edit; changes may be undone by the next 'dep ensure'.


[[projects]]
  name = "github.com/miekg/dns"
  packages = ["."]
  revision = "5ec25f2a5044291b6c8abf43ed8a201da241e69e"
  version = "v1.0.3"

[[projects]]
  branch = "master"
  name = "golang.org/x/crypto"
  packages = ["ed25519","ed25519/internal/edwards25519"]
  revision = "ee41a25c63fb5b74abf2213abb6dee3751e6ac4a"

[[projects]]
  branch = "master"
  name = "golang.org/x/net"
  packages = ["bpf","internal/iana","internal/socket","ipv4","ipv6"]
  revision = "5ccada7d0a7ba9aeb5d3aca8d3501b4c2a509fec"

[solve-meta]
  analyzer-name = "dep"
  analyzer-version = 1
  inputs-digest = "736b1de9f0e956d88d1fe3f6e0d8bae2d385095c5b7acab99521e33149e1e72c"
  solver-name = "gps-cdcl"
  solver-version = 1
